# THIS IS AN AUTOGENERATED FILE. DO NOT EDIT THIS FILE DIRECTLY.
# yarn lockfile v1


git-http-backend@^1.0.2:
  version "1.0.2"
  resolved "https://registry.yarnpkg.com/git-http-backend/-/git-http-backend-1.0.2.tgz#dc01e4284209353064453a70f92f89de0834eb10"
  dependencies:
    git-side-band-message "~0.0.3"
    inherits "~2.0.1"

git-side-band-message@~0.0.3:
  version "0.0.3"
  resolved "https://registry.yarnpkg.com/git-side-band-message/-/git-side-band-message-0.0.3.tgz#b8a5348c2dcbf1949fd295c506014e26c3f26a46"

inherits@~2.0.1:
  version "2.0.3"
  resolved "https://registry.yarnpkg.com/inherits/-/inherits-2.0.3.tgz#633c2c83e3da42a502f52466022480f4208261de"

zlib@^1.0.5:
  version "1.0.5"
  resolved "https://registry.yarnpkg.com/zlib/-/zlib-1.0.5.tgz#6e7c972fc371c645a6afb03ab14769def114fcc0"
